
Microsoft Visual Studio Solution File, Format Version 12.00
# Visual Studio Version 17
VisualStudioVersion = 17.5.33516.290
MinimumVisualStudioVersion = 10.0.40219.1
Project("{FAE04EC0-301F-11D3-BF4B-00C04F79EFBC}") = "C# Bank Homework 2", "C# Bank Homework 2\C# Bank Homework 2.csproj", "{D5F36BB1-13BE-4FBF-A869-B8BE0C7E2CF6}"
EndProject
Global
	GlobalSection(SolutionConfigurationPlatforms) = preSolution
		Debug|Any CPU = Debug|Any CPU
		Release|Any CPU = Release|Any CPU
	EndGlobalSection
	GlobalSection(ProjectConfigurationPlatforms) = postSolution
		{D5F36BB1-13BE-4FBF-A869-B8BE0C7E2CF6}.Debug|Any CPU.ActiveCfg = Debug|Any CPU
		{D5F36BB1-13BE-4FBF-A869-B8BE0C7E2CF6}.Debug|Any CPU.Build.0 = Debug|Any CPU
		{D5F36BB1-13BE-4FBF-A869-B8BE0C7E2CF6}.Release|Any CPU.ActiveCfg = Release|Any CPU
		{D5F36BB1-13BE-4FBF-A869-B8BE0C7E2CF6}.Release|Any CPU.Build.0 = Release|Any CPU
	EndGlobalSection
	GlobalSection(SolutionProperties) = preSolution
		HideSolutionNode = FALSE
	EndGlobalSection
	GlobalSection(ExtensibilityGlobals) = postSolution
		SolutionGuid = {840570F1-E39F-4C27-BF12-9D084A021E0C}
	EndGlobalSection
EndGlobal
